
Microsoft Visual Studio Solution File, Format Version 12.00
# Visual Studio 15
VisualStudioVersion = 15.0.27004.2002
MinimumVisualStudioVersion = 10.0.40219.1
Project("{151D2E53-A2C4-4D7D-83FE-D05416EBD58E}") = "SimpleVM", "SimpleVM\SimpleVM.deployproj", "{0D227665-F7E8-4DC1-A0E8-3202FE5644B6}"
EndProject
Global
	GlobalSection(SolutionConfigurationPlatforms) = preSolution
		Debug|Any CPU = Debug|Any CPU
		Release|Any CPU = Release|Any CPU
	EndGlobalSection
	GlobalSection(ProjectConfigurationPlatforms) = postSolution
		{0D227665-F7E8-4DC1-A0E8-3202FE5644B6}.Debug|Any CPU.ActiveCfg = Debug|Any CPU
		{0D227665-F7E8-4DC1-A0E8-3202FE5644B6}.Debug|Any CPU.Build.0 = Debug|Any CPU
		{0D227665-F7E8-4DC1-A0E8-3202FE5644B6}.Release|Any CPU.ActiveCfg = Release|Any CPU
		{0D227665-F7E8-4DC1-A0E8-3202FE5644B6}.Release|Any CPU.Build.0 = Release|Any CPU
	EndGlobalSection
	GlobalSection(SolutionProperties) = preSolution
		HideSolutionNode = FALSE
	EndGlobalSection
	GlobalSection(ExtensibilityGlobals) = postSolution
		SolutionGuid = {5F263EF7-5C9F-40E3-B753-5FC471D77D21}
	EndGlobalSection
EndGlobal
